<?xml version="1.0" encoding="utf-8"?>
<Project ToolsVersion="4.0" xmlns="http://schemas.microsoft.com/developer/msbuild/2003">
  <ItemGroup>
    <Filter Include="Source Files">
      <UniqueIdentifier>{66bf7bc0-eeba-4bc3-9122-b703939aded1}</UniqueIdentifier>
      <Extensions>cpp;c;cxx;rc;def;r;odl;idl;hpj;bat</Extensions>
    </Filter>
    <Filter Include="Header Files">
      <UniqueIdentifier>{6231a689-590d-458b-b802-12bd4f39ff5a}</UniqueIdentifier>
      <Extensions>h;hpp;hxx;hm;inl</Extensions>
    </Filter>
    <Filter Include="Resource Files">
      <UniqueIdentifier>{80893d90-0de1-4ed1-b3e2-6b799d770fe6}</UniqueIdentifier>
      <Extensions>ico;cur;bmp;dlg;rc2;rct;bin;rgs;gif;jpg;jpeg;jpe</Extensions>
    </Filter>
  </ItemGroup>
  <ItemGroup>
    <ClCompile Include="break.cpp">
      <Filter>Source Files</Filter>
    </ClCompile>
    <ClCompile Include="buffer.cpp">
      <Filter>Source Files</Filter>
    </ClCompile>
    <ClCompile Include="context.cpp">
      <Filter>Source Files</Filter>
    </ClCompile>
    <ClCompile Include="cpu.cpp">
      <Filter>Source Files</Filter>
    </ClCompile>
    <ClCompile Include="emu_script.cpp">
      <Filter>Source Files</Filter>
    </ClCompile>
    <ClCompile Include="emufuncs.cpp">
      <Filter>Source Files</Filter>
    </ClCompile>
    <ClCompile Include="emuheap.cpp">
      <Filter>Source Files</Filter>
    </ClCompile>
    <ClCompile Include="emuthreads.cpp">
      <Filter>Source Files</Filter>
    </ClCompile>
    <ClCompile Include="hooklist.cpp">
      <Filter>Source Files</Filter>
    </ClCompile>
    <ClCompile Include="memmgr.cpp">
      <Filter>Source Files</Filter>
    </ClCompile>
    <ClCompile Include="peutils.cpp">
      <Filter>Source Files</Filter>
    </ClCompile>
    <ClCompile Include="seh.cpp">
      <Filter>Source Files</Filter>
    </ClCompile>
    <ClCompile Include="x86emu.cpp">
      <Filter>Source Files</Filter>
    </ClCompile>
    <ClCompile Include="x86emu_ui.cpp">
      <Filter>Source Files</Filter>
    </ClCompile>
    <ClCompile Include="aes.cpp">
      <Filter>Source Files</Filter>
    </ClCompile>
    <ClCompile Include="ansi_cprng.cpp">
      <Filter>Source Files</Filter>
    </ClCompile>
  </ItemGroup>
  <ItemGroup>
    <ClInclude Include="break.h">
      <Filter>Header Files</Filter>
    </ClInclude>
    <ClInclude Include="buffer.h">
      <Filter>Header Files</Filter>
    </ClInclude>
    <ClInclude Include="context.h">
      <Filter>Header Files</Filter>
    </ClInclude>
    <ClInclude Include="cpu.h">
      <Filter>Header Files</Filter>
    </ClInclude>
    <ClInclude Include="elf32.h">
      <Filter>Header Files</Filter>
    </ClInclude>
    <ClInclude Include="elf_common.h">
      <Filter>Header Files</Filter>
    </ClInclude>
    <ClInclude Include="emu_script.h">
      <Filter>Header Files</Filter>
    </ClInclude>
    <ClInclude Include="emufuncs.h">
      <Filter>Header Files</Filter>
    </ClInclude>
    <ClInclude Include="emuheap.h">
      <Filter>Header Files</Filter>
    </ClInclude>
    <ClInclude Include="emuthreads.h">
      <Filter>Header Files</Filter>
    </ClInclude>
    <ClInclude Include="hooklist.h">
      <Filter>Header Files</Filter>
    </ClInclude>
    <ClInclude Include="memmgr.h">
      <Filter>Header Files</Filter>
    </ClInclude>
    <ClInclude Include="peutils.h">
      <Filter>Header Files</Filter>
    </ClInclude>
    <ClInclude Include="resource.h">
      <Filter>Header Files</Filter>
    </ClInclude>
    <ClInclude Include="sdk_versions.h">
      <Filter>Header Files</Filter>
    </ClInclude>
    <ClInclude Include="seh.h">
      <Filter>Header Files</Filter>
    </ClInclude>
    <ClInclude Include="x86defs.h">
      <Filter>Header Files</Filter>
    </ClInclude>
    <ClInclude Include="x86emu_ui.h">
      <Filter>Header Files</Filter>
    </ClInclude>
    <ClInclude Include="aes.h">
      <Filter>Header Files</Filter>
    </ClInclude>
    <ClInclude Include="ansi_cprng.h">
      <Filter>Header Files</Filter>
    </ClInclude>
    <ClInclude Include="cgc_syscalls.h">
      <Filter>Header Files</Filter>
    </ClInclude>
  </ItemGroup>
  <ItemGroup>
    <ResourceCompile Include="dialog.rc">
      <Filter>Resource Files</Filter>
    </ResourceCompile>
  </ItemGroup>
</Project>